
Microsoft Visual Studio Solution File, Format Version 12.00
# Visual Studio Version 16
VisualStudioVersion = 16.0.31105.61
MinimumVisualStudioVersion = 10.0.40219.1
Project("{FAE04EC0-301F-11D3-BF4B-00C04F79EFBC}") = "ShopConsole", "ShopConsole\ShopConsole.csproj", "{E254B454-479B-4BB8-AA85-33E5B33474EE}"
EndProject
Global
	GlobalSection(SolutionConfigurationPlatforms) = preSolution
		Debug|Any CPU = Debug|Any CPU
		Release|Any CPU = Release|Any CPU
	EndGlobalSection
	GlobalSection(ProjectConfigurationPlatforms) = postSolution
		{E254B454-479B-4BB8-AA85-33E5B33474EE}.Debug|Any CPU.ActiveCfg = Debug|Any CPU
		{E254B454-479B-4BB8-AA85-33E5B33474EE}.Debug|Any CPU.Build.0 = Debug|Any CPU
		{E254B454-479B-4BB8-AA85-33E5B33474EE}.Release|Any CPU.ActiveCfg = Release|Any CPU
		{E254B454-479B-4BB8-AA85-33E5B33474EE}.Release|Any CPU.Build.0 = Release|Any CPU
	EndGlobalSection
	GlobalSection(SolutionProperties) = preSolution
		HideSolutionNode = FALSE
	EndGlobalSection
	GlobalSection(ExtensibilityGlobals) = postSolution
		SolutionGuid = {2DFB5212-FF6A-40A8-8C49-14B9A96E88A5}
	EndGlobalSection
EndGlobal
